
Microsoft Visual Studio Solution File, Format Version 12.00
# Visual Studio Version 17
VisualStudioVersion = 17.10.34928.147
MinimumVisualStudioVersion = 10.0.40219.1
Project("{2150E333-8FDC-42A3-9474-1A3956D46DE8}") = "src", "src", "{FE32B0A4-214A-4421-8799-372A4B07CCBB}"
EndProject
Project("{2150E333-8FDC-42A3-9474-1A3956D46DE8}") = "tests", "tests", "{5C68FF4E-6891-4F88-8C5F-23012E4ADE40}"
EndProject
Project("{9A19103F-16F7-4668-BE54-9A1E7A4F7556}") = "Common", "src\Common\Common.csproj", "{2A6412B7-151B-4B54-8180-BD1BC9D0897F}"
EndProject
Project("{9A19103F-16F7-4668-BE54-9A1E7A4F7556}") = "Practice-01", "src\Practice-01\Practice-01.csproj", "{179D4895-AE08-4CEE-8784-CF79BC445AB1}"
EndProject
Project("{9A19103F-16F7-4668-BE54-9A1E7A4F7556}") = "Practice-02", "src\Practice-02\Practice-02.csproj", "{6A3FF39B-F680-4CC5-AF5F-CDDCE9276047}"
EndProject
Project("{9A19103F-16F7-4668-BE54-9A1E7A4F7556}") = "Practice-03", "src\Practice-03\Practice-03.csproj", "{8BEFF568-9CC2-42EF-9635-7AE014760ED7}"
EndProject
Project("{9A19103F-16F7-4668-BE54-9A1E7A4F7556}") = "Practice-04", "src\Practice-04\Practice-04.csproj", "{DA4D5E43-7813-44FA-AF72-96140CFBA72A}"
EndProject
Project("{9A19103F-16F7-4668-BE54-9A1E7A4F7556}") = "Practice-05", "src\Practice-05\Practice-05.csproj", "{8E52DB4E-9EAD-4A3C-8D5A-FFEF170458FF}"
EndProject
Project("{9A19103F-16F7-4668-BE54-9A1E7A4F7556}") = "Practice-05.Tests", "tests\Practice-05.Tests\Practice-05.Tests.csproj", "{DDF625ED-8C82-4D06-BC48-3C5818071D42}"
EndProject
Project("{9A19103F-16F7-4668-BE54-9A1E7A4F7556}") = "Practice-06", "src\Practice-06\Practice-06.csproj", "{285EB472-4888-4844-9796-8D6AC8B7D330}"
EndProject
Project("{9A19103F-16F7-4668-BE54-9A1E7A4F7556}") = "Practice-07", "src\Practice-07\Practice-07.csproj", "{44456649-6EAD-4B77-BCE3-5AB78E263538}"
EndProject
Project("{9A19103F-16F7-4668-BE54-9A1E7A4F7556}") = "Practice-08", "src\Practice-08\Practice-08.csproj", "{BFDFF2C9-C3EF-478C-950F-17D061FC974B}"
EndProject
Project("{9A19103F-16F7-4668-BE54-9A1E7A4F7556}") = "Practice-10", "Practice-10\Practice-10.csproj", "{EB1E028C-6832-4FD9-A16B-BFFEED08CE6F}"
EndProject
Project("{9A19103F-16F7-4668-BE54-9A1E7A4F7556}") = "Practice-11", "Practice-11\Practice-11.csproj", "{F8294BFB-DDD9-4B14-B153-8ADBD84B8BC7}"
EndProject
Global
	GlobalSection(SolutionConfigurationPlatforms) = preSolution
		Debug|Any CPU = Debug|Any CPU
		Release|Any CPU = Release|Any CPU
	EndGlobalSection
	GlobalSection(ProjectConfigurationPlatforms) = postSolution
		{2A6412B7-151B-4B54-8180-BD1BC9D0897F}.Debug|Any CPU.ActiveCfg = Debug|Any CPU
		{2A6412B7-151B-4B54-8180-BD1BC9D0897F}.Debug|Any CPU.Build.0 = Debug|Any CPU
		{2A6412B7-151B-4B54-8180-BD1BC9D0897F}.Release|Any CPU.ActiveCfg = Release|Any CPU
		{2A6412B7-151B-4B54-8180-BD1BC9D0897F}.Release|Any CPU.Build.0 = Release|Any CPU
		{179D4895-AE08-4CEE-8784-CF79BC445AB1}.Debug|Any CPU.ActiveCfg = Debug|Any CPU
		{179D4895-AE08-4CEE-8784-CF79BC445AB1}.Debug|Any CPU.Build.0 = Debug|Any CPU
		{179D4895-AE08-4CEE-8784-CF79BC445AB1}.Release|Any CPU.ActiveCfg = Release|Any CPU
		{179D4895-AE08-4CEE-8784-CF79BC445AB1}.Release|Any CPU.Build.0 = Release|Any CPU
		{6A3FF39B-F680-4CC5-AF5F-CDDCE9276047}.Debug|Any CPU.ActiveCfg = Debug|Any CPU
		{6A3FF39B-F680-4CC5-AF5F-CDDCE9276047}.Debug|Any CPU.Build.0 = Debug|Any CPU
		{6A3FF39B-F680-4CC5-AF5F-CDDCE9276047}.Release|Any CPU.ActiveCfg = Release|Any CPU
		{6A3FF39B-F680-4CC5-AF5F-CDDCE9276047}.Release|Any CPU.Build.0 = Release|Any CPU
		{8BEFF568-9CC2-42EF-9635-7AE014760ED7}.Debug|Any CPU.ActiveCfg = Debug|Any CPU
		{8BEFF568-9CC2-42EF-9635-7AE014760ED7}.Debug|Any CPU.Build.0 = Debug|Any CPU
		{8BEFF568-9CC2-42EF-9635-7AE014760ED7}.Release|Any CPU.ActiveCfg = Release|Any CPU
		{8BEFF568-9CC2-42EF-9635-7AE014760ED7}.Release|Any CPU.Build.0 = Release|Any CPU
		{DA4D5E43-7813-44FA-AF72-96140CFBA72A}.Debug|Any CPU.ActiveCfg = Debug|Any CPU
		{DA4D5E43-7813-44FA-AF72-96140CFBA72A}.Debug|Any CPU.Build.0 = Debug|Any CPU
		{DA4D5E43-7813-44FA-AF72-96140CFBA72A}.Release|Any CPU.ActiveCfg = Release|Any CPU
		{DA4D5E43-7813-44FA-AF72-96140CFBA72A}.Release|Any CPU.Build.0 = Release|Any CPU
		{8E52DB4E-9EAD-4A3C-8D5A-FFEF170458FF}.Debug|Any CPU.ActiveCfg = Debug|Any CPU
		{8E52DB4E-9EAD-4A3C-8D5A-FFEF170458FF}.Debug|Any CPU.Build.0 = Debug|Any CPU
		{8E52DB4E-9EAD-4A3C-8D5A-FFEF170458FF}.Release|Any CPU.ActiveCfg = Release|Any CPU
		{8E52DB4E-9EAD-4A3C-8D5A-FFEF170458FF}.Release|Any CPU.Build.0 = Release|Any CPU
		{DDF625ED-8C82-4D06-BC48-3C5818071D42}.Debug|Any CPU.ActiveCfg = Debug|Any CPU
		{DDF625ED-8C82-4D06-BC48-3C5818071D42}.Debug|Any CPU.Build.0 = Debug|Any CPU
		{DDF625ED-8C82-4D06-BC48-3C5818071D42}.Release|Any CPU.ActiveCfg = Release|Any CPU
		{DDF625ED-8C82-4D06-BC48-3C5818071D42}.Release|Any CPU.Build.0 = Release|Any CPU
		{285EB472-4888-4844-9796-8D6AC8B7D330}.Debug|Any CPU.ActiveCfg = Debug|Any CPU
		{285EB472-4888-4844-9796-8D6AC8B7D330}.Debug|Any CPU.Build.0 = Debug|Any CPU
		{285EB472-4888-4844-9796-8D6AC8B7D330}.Release|Any CPU.ActiveCfg = Release|Any CPU
		{285EB472-4888-4844-9796-8D6AC8B7D330}.Release|Any CPU.Build.0 = Release|Any CPU
		{44456649-6EAD-4B77-BCE3-5AB78E263538}.Debug|Any CPU.ActiveCfg = Debug|Any CPU
		{44456649-6EAD-4B77-BCE3-5AB78E263538}.Debug|Any CPU.Build.0 = Debug|Any CPU
		{44456649-6EAD-4B77-BCE3-5AB78E263538}.Release|Any CPU.ActiveCfg = Release|Any CPU
		{44456649-6EAD-4B77-BCE3-5AB78E263538}.Release|Any CPU.Build.0 = Release|Any CPU
		{BFDFF2C9-C3EF-478C-950F-17D061FC974B}.Debug|Any CPU.ActiveCfg = Debug|Any CPU
		{BFDFF2C9-C3EF-478C-950F-17D061FC974B}.Debug|Any CPU.Build.0 = Debug|Any CPU
		{BFDFF2C9-C3EF-478C-950F-17D061FC974B}.Release|Any CPU.ActiveCfg = Release|Any CPU
		{BFDFF2C9-C3EF-478C-950F-17D061FC974B}.Release|Any CPU.Build.0 = Release|Any CPU
		{EB1E028C-6832-4FD9-A16B-BFFEED08CE6F}.Debug|Any CPU.ActiveCfg = Debug|Any CPU
		{EB1E028C-6832-4FD9-A16B-BFFEED08CE6F}.Debug|Any CPU.Build.0 = Debug|Any CPU
		{EB1E028C-6832-4FD9-A16B-BFFEED08CE6F}.Release|Any CPU.ActiveCfg = Release|Any CPU
		{EB1E028C-6832-4FD9-A16B-BFFEED08CE6F}.Release|Any CPU.Build.0 = Release|Any CPU
		{F8294BFB-DDD9-4B14-B153-8ADBD84B8BC7}.Debug|Any CPU.ActiveCfg = Debug|Any CPU
		{F8294BFB-DDD9-4B14-B153-8ADBD84B8BC7}.Debug|Any CPU.Build.0 = Debug|Any CPU
		{F8294BFB-DDD9-4B14-B153-8ADBD84B8BC7}.Release|Any CPU.ActiveCfg = Release|Any CPU
		{F8294BFB-DDD9-4B14-B153-8ADBD84B8BC7}.Release|Any CPU.Build.0 = Release|Any CPU
	EndGlobalSection
	GlobalSection(SolutionProperties) = preSolution
		HideSolutionNode = FALSE
	EndGlobalSection
	GlobalSection(NestedProjects) = preSolution
		{2A6412B7-151B-4B54-8180-BD1BC9D0897F} = {FE32B0A4-214A-4421-8799-372A4B07CCBB}
		{179D4895-AE08-4CEE-8784-CF79BC445AB1} = {FE32B0A4-214A-4421-8799-372A4B07CCBB}
		{6A3FF39B-F680-4CC5-AF5F-CDDCE9276047} = {FE32B0A4-214A-4421-8799-372A4B07CCBB}
		{8BEFF568-9CC2-42EF-9635-7AE014760ED7} = {FE32B0A4-214A-4421-8799-372A4B07CCBB}
		{DA4D5E43-7813-44FA-AF72-96140CFBA72A} = {FE32B0A4-214A-4421-8799-372A4B07CCBB}
		{8E52DB4E-9EAD-4A3C-8D5A-FFEF170458FF} = {FE32B0A4-214A-4421-8799-372A4B07CCBB}
		{DDF625ED-8C82-4D06-BC48-3C5818071D42} = {5C68FF4E-6891-4F88-8C5F-23012E4ADE40}
		{285EB472-4888-4844-9796-8D6AC8B7D330} = {FE32B0A4-214A-4421-8799-372A4B07CCBB}
		{44456649-6EAD-4B77-BCE3-5AB78E263538} = {FE32B0A4-214A-4421-8799-372A4B07CCBB}
		{BFDFF2C9-C3EF-478C-950F-17D061FC974B} = {FE32B0A4-214A-4421-8799-372A4B07CCBB}
		{EB1E028C-6832-4FD9-A16B-BFFEED08CE6F} = {FE32B0A4-214A-4421-8799-372A4B07CCBB}
		{F8294BFB-DDD9-4B14-B153-8ADBD84B8BC7} = {FE32B0A4-214A-4421-8799-372A4B07CCBB}
	EndGlobalSection
	GlobalSection(ExtensibilityGlobals) = postSolution
		SolutionGuid = {64F927A7-D73A-4C9A-A6FC-4EC358F585E2}
	EndGlobalSection
EndGlobal
